
Microsoft Visual Studio Solution File, Format Version 12.00
# Visual Studio Version 16
VisualStudioVersion = 16.0.32126.315
MinimumVisualStudioVersion = 10.0.40219.1
Project("{FAE04EC0-301F-11D3-BF4B-00C04F79EFBC}") = "SimpleUserDatabase.UWP", "SimpleUserDatabase\SimpleUserDatabase.UWP\SimpleUserDatabase.UWP.csproj", "{A992466C-2140-4C8D-B0DD-1C6D10A6DD7C}"
EndProject
Project("{FAE04EC0-301F-11D3-BF4B-00C04F79EFBC}") = "SimpleUserDatabase.Android", "SimpleUserDatabase\SimpleUserDatabase.Android\SimpleUserDatabase.Android.csproj", "{46DA90FB-1DCD-45E2-96C3-0C4AF786823B}"
EndProject
Project("{FAE04EC0-301F-11D3-BF4B-00C04F79EFBC}") = "SimpleUserDatabase.iOS", "SimpleUserDatabase\SimpleUserDatabase.iOS\SimpleUserDatabase.iOS.csproj", "{6A0043FC-7529-4D13-A808-5E66207BCED9}"
EndProject
Project("{FAE04EC0-301F-11D3-BF4B-00C04F79EFBC}") = "SimpleUserDatabase", "SimpleUserDatabase\SimpleUserDatabase\SimpleUserDatabase.csproj", "{3A9949D6-9F54-4B03-84A2-B24FFB84D01C}"
EndProject
Global
	GlobalSection(SolutionConfigurationPlatforms) = preSolution
		Debug|Any CPU = Debug|Any CPU
		Debug|ARM = Debug|ARM
		Debug|iPhone = Debug|iPhone
		Debug|iPhoneSimulator = Debug|iPhoneSimulator
		Debug|x64 = Debug|x64
		Debug|x86 = Debug|x86
		Release|Any CPU = Release|Any CPU
		Release|ARM = Release|ARM
		Release|iPhone = Release|iPhone
		Release|iPhoneSimulator = Release|iPhoneSimulator
		Release|x64 = Release|x64
		Release|x86 = Release|x86
	EndGlobalSection
	GlobalSection(ProjectConfigurationPlatforms) = postSolution
		{A992466C-2140-4C8D-B0DD-1C6D10A6DD7C}.Debug|Any CPU.ActiveCfg = Debug|x86
		{A992466C-2140-4C8D-B0DD-1C6D10A6DD7C}.Debug|Any CPU.Build.0 = Debug|x86
		{A992466C-2140-4C8D-B0DD-1C6D10A6DD7C}.Debug|Any CPU.Deploy.0 = Debug|x86
		{A992466C-2140-4C8D-B0DD-1C6D10A6DD7C}.Debug|ARM.ActiveCfg = Debug|ARM
		{A992466C-2140-4C8D-B0DD-1C6D10A6DD7C}.Debug|ARM.Build.0 = Debug|ARM
		{A992466C-2140-4C8D-B0DD-1C6D10A6DD7C}.Debug|ARM.Deploy.0 = Debug|ARM
		{A992466C-2140-4C8D-B0DD-1C6D10A6DD7C}.Debug|iPhone.ActiveCfg = Debug|x86
		{A992466C-2140-4C8D-B0DD-1C6D10A6DD7C}.Debug|iPhone.Build.0 = Debug|x86
		{A992466C-2140-4C8D-B0DD-1C6D10A6DD7C}.Debug|iPhone.Deploy.0 = Debug|x86
		{A992466C-2140-4C8D-B0DD-1C6D10A6DD7C}.Debug|iPhoneSimulator.ActiveCfg = Debug|x86
		{A992466C-2140-4C8D-B0DD-1C6D10A6DD7C}.Debug|iPhoneSimulator.Build.0 = Debug|x86
		{A992466C-2140-4C8D-B0DD-1C6D10A6DD7C}.Debug|iPhoneSimulator.Deploy.0 = Debug|x86
		{A992466C-2140-4C8D-B0DD-1C6D10A6DD7C}.Debug|x64.ActiveCfg = Debug|x64
		{A992466C-2140-4C8D-B0DD-1C6D10A6DD7C}.Debug|x64.Build.0 = Debug|x64
		{A992466C-2140-4C8D-B0DD-1C6D10A6DD7C}.Debug|x64.Deploy.0 = Debug|x64
		{A992466C-2140-4C8D-B0DD-1C6D10A6DD7C}.Debug|x86.ActiveCfg = Debug|x86
		{A992466C-2140-4C8D-B0DD-1C6D10A6DD7C}.Debug|x86.Build.0 = Debug|x86
		{A992466C-2140-4C8D-B0DD-1C6D10A6DD7C}.Debug|x86.Deploy.0 = Debug|x86
		{A992466C-2140-4C8D-B0DD-1C6D10A6DD7C}.Release|Any CPU.ActiveCfg = Release|x86
		{A992466C-2140-4C8D-B0DD-1C6D10A6DD7C}.Release|Any CPU.Build.0 = Release|x86
		{A992466C-2140-4C8D-B0DD-1C6D10A6DD7C}.Release|Any CPU.Deploy.0 = Release|x86
		{A992466C-2140-4C8D-B0DD-1C6D10A6DD7C}.Release|ARM.ActiveCfg = Release|ARM
		{A992466C-2140-4C8D-B0DD-1C6D10A6DD7C}.Release|ARM.Build.0 = Release|ARM
		{A992466C-2140-4C8D-B0DD-1C6D10A6DD7C}.Release|ARM.Deploy.0 = Release|ARM
		{A992466C-2140-4C8D-B0DD-1C6D10A6DD7C}.Release|iPhone.ActiveCfg = Release|x86
		{A992466C-2140-4C8D-B0DD-1C6D10A6DD7C}.Release|iPhone.Build.0 = Release|x86
		{A992466C-2140-4C8D-B0DD-1C6D10A6DD7C}.Release|iPhone.Deploy.0 = Release|x86
		{A992466C-2140-4C8D-B0DD-1C6D10A6DD7C}.Release|iPhoneSimulator.ActiveCfg = Release|x86
		{A992466C-2140-4C8D-B0DD-1C6D10A6DD7C}.Release|iPhoneSimulator.Build.0 = Release|x86
		{A992466C-2140-4C8D-B0DD-1C6D10A6DD7C}.Release|iPhoneSimulator.Deploy.0 = Release|x86
		{A992466C-2140-4C8D-B0DD-1C6D10A6DD7C}.Release|x64.ActiveCfg = Release|x64
		{A992466C-2140-4C8D-B0DD-1C6D10A6DD7C}.Release|x64.Build.0 = Release|x64
		{A992466C-2140-4C8D-B0DD-1C6D10A6DD7C}.Release|x64.Deploy.0 = Release|x64
		{A992466C-2140-4C8D-B0DD-1C6D10A6DD7C}.Release|x86.ActiveCfg = Release|x86
		{A992466C-2140-4C8D-B0DD-1C6D10A6DD7C}.Release|x86.Build.0 = Release|x86
		{A992466C-2140-4C8D-B0DD-1C6D10A6DD7C}.Release|x86.Deploy.0 = Release|x86
		{46DA90FB-1DCD-45E2-96C3-0C4AF786823B}.Debug|Any CPU.ActiveCfg = Debug|Any CPU
		{46DA90FB-1DCD-45E2-96C3-0C4AF786823B}.Debug|Any CPU.Build.0 = Debug|Any CPU
		{46DA90FB-1DCD-45E2-96C3-0C4AF786823B}.Debug|Any CPU.Deploy.0 = Debug|Any CPU
		{46DA90FB-1DCD-45E2-96C3-0C4AF786823B}.Debug|ARM.ActiveCfg = Debug|Any CPU
		{46DA90FB-1DCD-45E2-96C3-0C4AF786823B}.Debug|ARM.Build.0 = Debug|Any CPU
		{46DA90FB-1DCD-45E2-96C3-0C4AF786823B}.Debug|ARM.Deploy.0 = Debug|Any CPU
		{46DA90FB-1DCD-45E2-96C3-0C4AF786823B}.Debug|iPhone.ActiveCfg = Debug|Any CPU
		{46DA90FB-1DCD-45E2-96C3-0C4AF786823B}.Debug|iPhone.Build.0 = Debug|Any CPU
		{46DA90FB-1DCD-45E2-96C3-0C4AF786823B}.Debug|iPhone.Deploy.0 = Debug|Any CPU
		{46DA90FB-1DCD-45E2-96C3-0C4AF786823B}.Debug|iPhoneSimulator.ActiveCfg = Debug|Any CPU
		{46DA90FB-1DCD-45E2-96C3-0C4AF786823B}.Debug|iPhoneSimulator.Build.0 = Debug|Any CPU
		{46DA90FB-1DCD-45E2-96C3-0C4AF786823B}.Debug|iPhoneSimulator.Deploy.0 = Debug|Any CPU
		{46DA90FB-1DCD-45E2-96C3-0C4AF786823B}.Debug|x64.ActiveCfg = Debug|Any CPU
		{46DA90FB-1DCD-45E2-96C3-0C4AF786823B}.Debug|x64.Build.0 = Debug|Any CPU
		{46DA90FB-1DCD-45E2-96C3-0C4AF786823B}.Debug|x64.Deploy.0 = Debug|Any CPU
		{46DA90FB-1DCD-45E2-96C3-0C4AF786823B}.Debug|x86.ActiveCfg = Debug|Any CPU
		{46DA90FB-1DCD-45E2-96C3-0C4AF786823B}.Debug|x86.Build.0 = Debug|Any CPU
		{46DA90FB-1DCD-45E2-96C3-0C4AF786823B}.Debug|x86.Deploy.0 = Debug|Any CPU
		{46DA90FB-1DCD-45E2-96C3-0C4AF786823B}.Release|Any CPU.ActiveCfg = Release|Any CPU
		{46DA90FB-1DCD-45E2-96C3-0C4AF786823B}.Release|Any CPU.Build.0 = Release|Any CPU
		{46DA90FB-1DCD-45E2-96C3-0C4AF786823B}.Release|Any CPU.Deploy.0 = Release|Any CPU
		{46DA90FB-1DCD-45E2-96C3-0C4AF786823B}.Release|ARM.ActiveCfg = Release|Any CPU
		{46DA90FB-1DCD-45E2-96C3-0C4AF786823B}.Release|ARM.Build.0 = Release|Any CPU
		{46DA90FB-1DCD-45E2-96C3-0C4AF786823B}.Release|ARM.Deploy.0 = Release|Any CPU
		{46DA90FB-1DCD-45E2-96C3-0C4AF786823B}.Release|iPhone.ActiveCfg = Release|Any CPU
		{46DA90FB-1DCD-45E2-96C3-0C4AF786823B}.Release|iPhone.Build.0 = Release|Any CPU
		{46DA90FB-1DCD-45E2-96C3-0C4AF786823B}.Release|iPhone.Deploy.0 = Release|Any CPU
		{46DA90FB-1DCD-45E2-96C3-0C4AF786823B}.Release|iPhoneSimulator.ActiveCfg = Release|Any CPU
		{46DA90FB-1DCD-45E2-96C3-0C4AF786823B}.Release|iPhoneSimulator.Build.0 = Release|Any CPU
		{46DA90FB-1DCD-45E2-96C3-0C4AF786823B}.Release|iPhoneSimulator.Deploy.0 = Release|Any CPU
		{46DA90FB-1DCD-45E2-96C3-0C4AF786823B}.Release|x64.ActiveCfg = Release|Any CPU
		{46DA90FB-1DCD-45E2-96C3-0C4AF786823B}.Release|x64.Build.0 = Release|Any CPU
		{46DA90FB-1DCD-45E2-96C3-0C4AF786823B}.Release|x64.Deploy.0 = Release|Any CPU
		{46DA90FB-1DCD-45E2-96C3-0C4AF786823B}.Release|x86.ActiveCfg = Release|Any CPU
		{46DA90FB-1DCD-45E2-96C3-0C4AF786823B}.Release|x86.Build.0 = Release|Any CPU
		{46DA90FB-1DCD-45E2-96C3-0C4AF786823B}.Release|x86.Deploy.0 = Release|Any CPU
		{6A0043FC-7529-4D13-A808-5E66207BCED9}.Debug|Any CPU.ActiveCfg = Debug|iPhoneSimulator
		{6A0043FC-7529-4D13-A808-5E66207BCED9}.Debug|Any CPU.Build.0 = Debug|iPhoneSimulator
		{6A0043FC-7529-4D13-A808-5E66207BCED9}.Debug|Any CPU.Deploy.0 = Debug|iPhoneSimulator
		{6A0043FC-7529-4D13-A808-5E66207BCED9}.Debug|ARM.ActiveCfg = Debug|iPhone
		{6A0043FC-7529-4D13-A808-5E66207BCED9}.Debug|ARM.Build.0 = Debug|iPhone
		{6A0043FC-7529-4D13-A808-5E66207BCED9}.Debug|ARM.Deploy.0 = Debug|iPhone
		{6A0043FC-7529-4D13-A808-5E66207BCED9}.Debug|iPhone.ActiveCfg = Debug|iPhone
		{6A0043FC-7529-4D13-A808-5E66207BCED9}.Debug|iPhone.Build.0 = Debug|iPhone
		{6A0043FC-7529-4D13-A808-5E66207BCED9}.Debug|iPhone.Deploy.0 = Debug|iPhone
		{6A0043FC-7529-4D13-A808-5E66207BCED9}.Debug|iPhoneSimulator.ActiveCfg = Debug|iPhoneSimulator
		{6A0043FC-7529-4D13-A808-5E66207BCED9}.Debug|iPhoneSimulator.Build.0 = Debug|iPhoneSimulator
		{6A0043FC-7529-4D13-A808-5E66207BCED9}.Debug|iPhoneSimulator.Deploy.0 = Debug|iPhoneSimulator
		{6A0043FC-7529-4D13-A808-5E66207BCED9}.Debug|x64.ActiveCfg = Debug|iPhoneSimulator
		{6A0043FC-7529-4D13-A808-5E66207BCED9}.Debug|x64.Build.0 = Debug|iPhoneSimulator
		{6A0043FC-7529-4D13-A808-5E66207BCED9}.Debug|x64.Deploy.0 = Debug|iPhoneSimulator
		{6A0043FC-7529-4D13-A808-5E66207BCED9}.Debug|x86.ActiveCfg = Debug|iPhoneSimulator
		{6A0043FC-7529-4D13-A808-5E66207BCED9}.Debug|x86.Build.0 = Debug|iPhoneSimulator
		{6A0043FC-7529-4D13-A808-5E66207BCED9}.Debug|x86.Deploy.0 = Debug|iPhoneSimulator
		{6A0043FC-7529-4D13-A808-5E66207BCED9}.Release|Any CPU.ActiveCfg = Release|iPhoneSimulator
		{6A0043FC-7529-4D13-A808-5E66207BCED9}.Release|Any CPU.Build.0 = Release|iPhoneSimulator
		{6A0043FC-7529-4D13-A808-5E66207BCED9}.Release|Any CPU.Deploy.0 = Release|iPhoneSimulator
		{6A0043FC-7529-4D13-A808-5E66207BCED9}.Release|ARM.ActiveCfg = Release|iPhoneSimulator
		{6A0043FC-7529-4D13-A808-5E66207BCED9}.Release|ARM.Build.0 = Release|iPhoneSimulator
		{6A0043FC-7529-4D13-A808-5E66207BCED9}.Release|ARM.Deploy.0 = Release|iPhoneSimulator
		{6A0043FC-7529-4D13-A808-5E66207BCED9}.Release|iPhone.ActiveCfg = Release|iPhone
		{6A0043FC-7529-4D13-A808-5E66207BCED9}.Release|iPhone.Build.0 = Release|iPhone
		{6A0043FC-7529-4D13-A808-5E66207BCED9}.Release|iPhone.Deploy.0 = Release|iPhone
		{6A0043FC-7529-4D13-A808-5E66207BCED9}.Release|iPhoneSimulator.ActiveCfg = Release|iPhoneSimulator
		{6A0043FC-7529-4D13-A808-5E66207BCED9}.Release|iPhoneSimulator.Build.0 = Release|iPhoneSimulator
		{6A0043FC-7529-4D13-A808-5E66207BCED9}.Release|iPhoneSimulator.Deploy.0 = Release|iPhoneSimulator
		{6A0043FC-7529-4D13-A808-5E66207BCED9}.Release|x64.ActiveCfg = Release|iPhoneSimulator
		{6A0043FC-7529-4D13-A808-5E66207BCED9}.Release|x64.Build.0 = Release|iPhoneSimulator
		{6A0043FC-7529-4D13-A808-5E66207BCED9}.Release|x64.Deploy.0 = Release|iPhoneSimulator
		{6A0043FC-7529-4D13-A808-5E66207BCED9}.Release|x86.ActiveCfg = Release|iPhoneSimulator
		{6A0043FC-7529-4D13-A808-5E66207BCED9}.Release|x86.Build.0 = Release|iPhoneSimulator
		{6A0043FC-7529-4D13-A808-5E66207BCED9}.Release|x86.Deploy.0 = Release|iPhoneSimulator
		{3A9949D6-9F54-4B03-84A2-B24FFB84D01C}.Debug|Any CPU.ActiveCfg = Debug|Any CPU
		{3A9949D6-9F54-4B03-84A2-B24FFB84D01C}.Debug|Any CPU.Build.0 = Debug|Any CPU
		{3A9949D6-9F54-4B03-84A2-B24FFB84D01C}.Debug|Any CPU.Deploy.0 = Debug|Any CPU
		{3A9949D6-9F54-4B03-84A2-B24FFB84D01C}.Debug|ARM.ActiveCfg = Debug|Any CPU
		{3A9949D6-9F54-4B03-84A2-B24FFB84D01C}.Debug|ARM.Build.0 = Debug|Any CPU
		{3A9949D6-9F54-4B03-84A2-B24FFB84D01C}.Debug|ARM.Deploy.0 = Debug|Any CPU
		{3A9949D6-9F54-4B03-84A2-B24FFB84D01C}.Debug|iPhone.ActiveCfg = Debug|Any CPU
		{3A9949D6-9F54-4B03-84A2-B24FFB84D01C}.Debug|iPhone.Build.0 = Debug|Any CPU
		{3A9949D6-9F54-4B03-84A2-B24FFB84D01C}.Debug|iPhone.Deploy.0 = Debug|Any CPU
		{3A9949D6-9F54-4B03-84A2-B24FFB84D01C}.Debug|iPhoneSimulator.ActiveCfg = Debug|Any CPU
		{3A9949D6-9F54-4B03-84A2-B24FFB84D01C}.Debug|iPhoneSimulator.Build.0 = Debug|Any CPU
		{3A9949D6-9F54-4B03-84A2-B24FFB84D01C}.Debug|iPhoneSimulator.Deploy.0 = Debug|Any CPU
		{3A9949D6-9F54-4B03-84A2-B24FFB84D01C}.Debug|x64.ActiveCfg = Debug|Any CPU
		{3A9949D6-9F54-4B03-84A2-B24FFB84D01C}.Debug|x64.Build.0 = Debug|Any CPU
		{3A9949D6-9F54-4B03-84A2-B24FFB84D01C}.Debug|x64.Deploy.0 = Debug|Any CPU
		{3A9949D6-9F54-4B03-84A2-B24FFB84D01C}.Debug|x86.ActiveCfg = Debug|Any CPU
		{3A9949D6-9F54-4B03-84A2-B24FFB84D01C}.Debug|x86.Build.0 = Debug|Any CPU
		{3A9949D6-9F54-4B03-84A2-B24FFB84D01C}.Debug|x86.Deploy.0 = Debug|Any CPU
		{3A9949D6-9F54-4B03-84A2-B24FFB84D01C}.Release|Any CPU.ActiveCfg = Release|Any CPU
		{3A9949D6-9F54-4B03-84A2-B24FFB84D01C}.Release|Any CPU.Build.0 = Release|Any CPU
		{3A9949D6-9F54-4B03-84A2-B24FFB84D01C}.Release|Any CPU.Deploy.0 = Release|Any CPU
		{3A9949D6-9F54-4B03-84A2-B24FFB84D01C}.Release|ARM.ActiveCfg = Release|Any CPU
		{3A9949D6-9F54-4B03-84A2-B24FFB84D01C}.Release|ARM.Build.0 = Release|Any CPU
		{3A9949D6-9F54-4B03-84A2-B24FFB84D01C}.Release|ARM.Deploy.0 = Release|Any CPU
		{3A9949D6-9F54-4B03-84A2-B24FFB84D01C}.Release|iPhone.ActiveCfg = Release|Any CPU
		{3A9949D6-9F54-4B03-84A2-B24FFB84D01C}.Release|iPhone.Build.0 = Release|Any CPU
		{3A9949D6-9F54-4B03-84A2-B24FFB84D01C}.Release|iPhone.Deploy.0 = Release|Any CPU
		{3A9949D6-9F54-4B03-84A2-B24FFB84D01C}.Release|iPhoneSimulator.ActiveCfg = Release|Any CPU
		{3A9949D6-9F54-4B03-84A2-B24FFB84D01C}.Release|iPhoneSimulator.Build.0 = Release|Any CPU
		{3A9949D6-9F54-4B03-84A2-B24FFB84D01C}.Release|iPhoneSimulator.Deploy.0 = Release|Any CPU
		{3A9949D6-9F54-4B03-84A2-B24FFB84D01C}.Release|x64.ActiveCfg = Release|Any CPU
		{3A9949D6-9F54-4B03-84A2-B24FFB84D01C}.Release|x64.Build.0 = Release|Any CPU
		{3A9949D6-9F54-4B03-84A2-B24FFB84D01C}.Release|x64.Deploy.0 = Release|Any CPU
		{3A9949D6-9F54-4B03-84A2-B24FFB84D01C}.Release|x86.ActiveCfg = Release|Any CPU
		{3A9949D6-9F54-4B03-84A2-B24FFB84D01C}.Release|x86.Build.0 = Release|Any CPU
		{3A9949D6-9F54-4B03-84A2-B24FFB84D01C}.Release|x86.Deploy.0 = Release|Any CPU
	EndGlobalSection
	GlobalSection(SolutionProperties) = preSolution
		HideSolutionNode = FALSE
	EndGlobalSection
	GlobalSection(ExtensibilityGlobals) = postSolution
		SolutionGuid = {006B1C1D-B3A7-4B6F-981D-C50662080A4D}
	EndGlobalSection
EndGlobal
